
Microsoft Visual Studio Solution File, Format Version 12.00
# Visual Studio Version 16
VisualStudioVersion = 16.0.32929.386
MinimumVisualStudioVersion = 10.0.40219.1
Project("{2150E333-8FDC-42A3-9474-1A3956D46DE8}") = "FrontEnd", "FrontEnd", "{CD552E59-F388-40B3-A414-99393D87915F}"
EndProject
Project("{2150E333-8FDC-42A3-9474-1A3956D46DE8}") = "Gateway", "Gateway", "{D41CFD12-AE3E-45EE-AD0A-852B6C45B06D}"
EndProject
Project("{2150E333-8FDC-42A3-9474-1A3956D46DE8}") = "Integrations", "Integrations", "{2A0A0B63-264A-4F1B-9F9E-2EDA9A8E44DC}"
EndProject
Project("{2150E333-8FDC-42A3-9474-1A3956D46DE8}") = "Services", "Services", "{CD526126-CE2C-4939-85EE-449EC6B537E2}"
EndProject
Project("{9A19103F-16F7-4668-BE54-9A1E7A4F7556}") = "MadMicro.Services.CouponAPI", "MadMicro.Services.CouponAPI\MadMicro.Services.CouponAPI.csproj", "{7429AE6F-7C55-4D78-B4EB-B05F1360653A}"
EndProject
Global
	GlobalSection(SolutionConfigurationPlatforms) = preSolution
		Debug|Any CPU = Debug|Any CPU
		Release|Any CPU = Release|Any CPU
	EndGlobalSection
	GlobalSection(ProjectConfigurationPlatforms) = postSolution
		{7429AE6F-7C55-4D78-B4EB-B05F1360653A}.Debug|Any CPU.ActiveCfg = Debug|Any CPU
		{7429AE6F-7C55-4D78-B4EB-B05F1360653A}.Debug|Any CPU.Build.0 = Debug|Any CPU
		{7429AE6F-7C55-4D78-B4EB-B05F1360653A}.Release|Any CPU.ActiveCfg = Release|Any CPU
		{7429AE6F-7C55-4D78-B4EB-B05F1360653A}.Release|Any CPU.Build.0 = Release|Any CPU
	EndGlobalSection
	GlobalSection(SolutionProperties) = preSolution
		HideSolutionNode = FALSE
	EndGlobalSection
	GlobalSection(NestedProjects) = preSolution
		{7429AE6F-7C55-4D78-B4EB-B05F1360653A} = {CD526126-CE2C-4939-85EE-449EC6B537E2}
	EndGlobalSection
	GlobalSection(ExtensibilityGlobals) = postSolution
		SolutionGuid = {FACC5904-8084-4C9D-8834-8E47AC3988B6}
	EndGlobalSection
EndGlobal
