
Microsoft Visual Studio Solution File, Format Version 12.00
# Visual Studio Version 17
VisualStudioVersion = 17.7.34031.279
MinimumVisualStudioVersion = 10.0.40219.1
Project("{2150E333-8FDC-42A3-9474-1A3956D46DE8}") = "FrontEnd", "FrontEnd", "{CD552E59-F388-40B3-A414-99393D87915F}"
EndProject
Project("{2150E333-8FDC-42A3-9474-1A3956D46DE8}") = "Gateway", "Gateway", "{D41CFD12-AE3E-45EE-AD0A-852B6C45B06D}"
EndProject
Project("{2150E333-8FDC-42A3-9474-1A3956D46DE8}") = "Integrations", "Integrations", "{2A0A0B63-264A-4F1B-9F9E-2EDA9A8E44DC}"
EndProject
Project("{2150E333-8FDC-42A3-9474-1A3956D46DE8}") = "Services", "Services", "{CD526126-CE2C-4939-85EE-449EC6B537E2}"
EndProject
Project("{9A19103F-16F7-4668-BE54-9A1E7A4F7556}") = "MadMicro.Services.CouponAPI", "MadMicro.Services.CouponAPI\MadMicro.Services.CouponAPI.csproj", "{7429AE6F-7C55-4D78-B4EB-B05F1360653A}"
EndProject
Project("{9A19103F-16F7-4668-BE54-9A1E7A4F7556}") = "MadMicro.Web", "MadMicro.Web\MadMicro.Web.csproj", "{085872D7-9FA7-44E6-BB78-8D1D94901225}"
EndProject
Project("{9A19103F-16F7-4668-BE54-9A1E7A4F7556}") = "MadMicro.Services.AuthAPI", "MadMicro.Services.AuthAPI\MadMicro.Services.AuthAPI.csproj", "{F618B2C0-7FB1-4D12-AAAD-15A36586C797}"
EndProject
Project("{9A19103F-16F7-4668-BE54-9A1E7A4F7556}") = "MadMicro.Services.ProductAPI", "MadMicro.Service.ProductAPI\MadMicro.Services.ProductAPI.csproj", "{557CC541-FAF0-4884-BFEE-676CF93AA732}"
EndProject
Project("{9A19103F-16F7-4668-BE54-9A1E7A4F7556}") = "MadMicro.Services.ShoppingCartAPI", "MadMicro.Services.ShoppingCartAPI\MadMicro.Services.ShoppingCartAPI.csproj", "{C34AB9C9-82B4-42A6-8BDC-7AC556FC13CC}"
EndProject
Project("{9A19103F-16F7-4668-BE54-9A1E7A4F7556}") = "MadMicro.MessageBus", "MadMicro.MessageBus\MadMicro.MessageBus.csproj", "{3BF8D2F4-5D63-4031-B506-944EBE23E22D}"
EndProject
Project("{9A19103F-16F7-4668-BE54-9A1E7A4F7556}") = "MadMicro.Services.EmailAPI", "MadMicro.Services.EmailAPI\MadMicro.Services.EmailAPI.csproj", "{3D5A0A92-11BE-4912-8321-7FE2409033A5}"
EndProject
Project("{9A19103F-16F7-4668-BE54-9A1E7A4F7556}") = "MadMicro.Services.OrderAPI", "MadMicro.Service.OrderAPI\MadMicro.Services.OrderAPI.csproj", "{94A4ED54-65A9-4445-AE43-42A92D5DDBC8}"
EndProject
Project("{9A19103F-16F7-4668-BE54-9A1E7A4F7556}") = "MadMicro.Services.RewardAPI", "MadMicro.Services.RewardAPI\MadMicro.Services.RewardAPI.csproj", "{05675934-2E9E-4A84-BDA3-64242B59DFD5}"
EndProject
Project("{FAE04EC0-301F-11D3-BF4B-00C04F79EFBC}") = "MadMicro.GatewaySolution", "MadMicro.GatewaySolution\MadMicro.GatewaySolution.csproj", "{162965B9-016F-46E9-B4E9-F2BE8B1F7783}"
EndProject
Global
	GlobalSection(SolutionConfigurationPlatforms) = preSolution
		Debug|Any CPU = Debug|Any CPU
		Release|Any CPU = Release|Any CPU
	EndGlobalSection
	GlobalSection(ProjectConfigurationPlatforms) = postSolution
		{7429AE6F-7C55-4D78-B4EB-B05F1360653A}.Debug|Any CPU.ActiveCfg = Debug|Any CPU
		{7429AE6F-7C55-4D78-B4EB-B05F1360653A}.Debug|Any CPU.Build.0 = Debug|Any CPU
		{7429AE6F-7C55-4D78-B4EB-B05F1360653A}.Release|Any CPU.ActiveCfg = Release|Any CPU
		{7429AE6F-7C55-4D78-B4EB-B05F1360653A}.Release|Any CPU.Build.0 = Release|Any CPU
		{085872D7-9FA7-44E6-BB78-8D1D94901225}.Debug|Any CPU.ActiveCfg = Debug|Any CPU
		{085872D7-9FA7-44E6-BB78-8D1D94901225}.Debug|Any CPU.Build.0 = Debug|Any CPU
		{085872D7-9FA7-44E6-BB78-8D1D94901225}.Release|Any CPU.ActiveCfg = Release|Any CPU
		{085872D7-9FA7-44E6-BB78-8D1D94901225}.Release|Any CPU.Build.0 = Release|Any CPU
		{F618B2C0-7FB1-4D12-AAAD-15A36586C797}.Debug|Any CPU.ActiveCfg = Debug|Any CPU
		{F618B2C0-7FB1-4D12-AAAD-15A36586C797}.Debug|Any CPU.Build.0 = Debug|Any CPU
		{F618B2C0-7FB1-4D12-AAAD-15A36586C797}.Release|Any CPU.ActiveCfg = Release|Any CPU
		{F618B2C0-7FB1-4D12-AAAD-15A36586C797}.Release|Any CPU.Build.0 = Release|Any CPU
		{557CC541-FAF0-4884-BFEE-676CF93AA732}.Debug|Any CPU.ActiveCfg = Debug|Any CPU
		{557CC541-FAF0-4884-BFEE-676CF93AA732}.Debug|Any CPU.Build.0 = Debug|Any CPU
		{557CC541-FAF0-4884-BFEE-676CF93AA732}.Release|Any CPU.ActiveCfg = Release|Any CPU
		{557CC541-FAF0-4884-BFEE-676CF93AA732}.Release|Any CPU.Build.0 = Release|Any CPU
		{C34AB9C9-82B4-42A6-8BDC-7AC556FC13CC}.Debug|Any CPU.ActiveCfg = Debug|Any CPU
		{C34AB9C9-82B4-42A6-8BDC-7AC556FC13CC}.Debug|Any CPU.Build.0 = Debug|Any CPU
		{C34AB9C9-82B4-42A6-8BDC-7AC556FC13CC}.Release|Any CPU.ActiveCfg = Release|Any CPU
		{C34AB9C9-82B4-42A6-8BDC-7AC556FC13CC}.Release|Any CPU.Build.0 = Release|Any CPU
		{3BF8D2F4-5D63-4031-B506-944EBE23E22D}.Debug|Any CPU.ActiveCfg = Debug|Any CPU
		{3BF8D2F4-5D63-4031-B506-944EBE23E22D}.Debug|Any CPU.Build.0 = Debug|Any CPU
		{3BF8D2F4-5D63-4031-B506-944EBE23E22D}.Release|Any CPU.ActiveCfg = Release|Any CPU
		{3BF8D2F4-5D63-4031-B506-944EBE23E22D}.Release|Any CPU.Build.0 = Release|Any CPU
		{3D5A0A92-11BE-4912-8321-7FE2409033A5}.Debug|Any CPU.ActiveCfg = Debug|Any CPU
		{3D5A0A92-11BE-4912-8321-7FE2409033A5}.Debug|Any CPU.Build.0 = Debug|Any CPU
		{3D5A0A92-11BE-4912-8321-7FE2409033A5}.Release|Any CPU.ActiveCfg = Release|Any CPU
		{3D5A0A92-11BE-4912-8321-7FE2409033A5}.Release|Any CPU.Build.0 = Release|Any CPU
		{94A4ED54-65A9-4445-AE43-42A92D5DDBC8}.Debug|Any CPU.ActiveCfg = Debug|Any CPU
		{94A4ED54-65A9-4445-AE43-42A92D5DDBC8}.Debug|Any CPU.Build.0 = Debug|Any CPU
		{94A4ED54-65A9-4445-AE43-42A92D5DDBC8}.Release|Any CPU.ActiveCfg = Release|Any CPU
		{94A4ED54-65A9-4445-AE43-42A92D5DDBC8}.Release|Any CPU.Build.0 = Release|Any CPU
		{05675934-2E9E-4A84-BDA3-64242B59DFD5}.Debug|Any CPU.ActiveCfg = Debug|Any CPU
		{05675934-2E9E-4A84-BDA3-64242B59DFD5}.Debug|Any CPU.Build.0 = Debug|Any CPU
		{05675934-2E9E-4A84-BDA3-64242B59DFD5}.Release|Any CPU.ActiveCfg = Release|Any CPU
		{05675934-2E9E-4A84-BDA3-64242B59DFD5}.Release|Any CPU.Build.0 = Release|Any CPU
		{162965B9-016F-46E9-B4E9-F2BE8B1F7783}.Debug|Any CPU.ActiveCfg = Debug|Any CPU
		{162965B9-016F-46E9-B4E9-F2BE8B1F7783}.Debug|Any CPU.Build.0 = Debug|Any CPU
		{162965B9-016F-46E9-B4E9-F2BE8B1F7783}.Release|Any CPU.ActiveCfg = Release|Any CPU
		{162965B9-016F-46E9-B4E9-F2BE8B1F7783}.Release|Any CPU.Build.0 = Release|Any CPU
	EndGlobalSection
	GlobalSection(SolutionProperties) = preSolution
		HideSolutionNode = FALSE
	EndGlobalSection
	GlobalSection(NestedProjects) = preSolution
		{7429AE6F-7C55-4D78-B4EB-B05F1360653A} = {CD526126-CE2C-4939-85EE-449EC6B537E2}
		{085872D7-9FA7-44E6-BB78-8D1D94901225} = {CD552E59-F388-40B3-A414-99393D87915F}
		{F618B2C0-7FB1-4D12-AAAD-15A36586C797} = {CD526126-CE2C-4939-85EE-449EC6B537E2}
		{557CC541-FAF0-4884-BFEE-676CF93AA732} = {CD526126-CE2C-4939-85EE-449EC6B537E2}
		{C34AB9C9-82B4-42A6-8BDC-7AC556FC13CC} = {CD526126-CE2C-4939-85EE-449EC6B537E2}
		{3BF8D2F4-5D63-4031-B506-944EBE23E22D} = {2A0A0B63-264A-4F1B-9F9E-2EDA9A8E44DC}
		{3D5A0A92-11BE-4912-8321-7FE2409033A5} = {CD526126-CE2C-4939-85EE-449EC6B537E2}
		{94A4ED54-65A9-4445-AE43-42A92D5DDBC8} = {CD526126-CE2C-4939-85EE-449EC6B537E2}
		{05675934-2E9E-4A84-BDA3-64242B59DFD5} = {CD526126-CE2C-4939-85EE-449EC6B537E2}
		{162965B9-016F-46E9-B4E9-F2BE8B1F7783} = {D41CFD12-AE3E-45EE-AD0A-852B6C45B06D}
	EndGlobalSection
	GlobalSection(ExtensibilityGlobals) = postSolution
		SolutionGuid = {FACC5904-8084-4C9D-8834-8E47AC3988B6}
	EndGlobalSection
EndGlobal
